
Microsoft Visual Studio Solution File, Format Version 12.00
# Visual Studio Version 17
VisualStudioVersion = 17.9.34902.65
MinimumVisualStudioVersion = 10.0.40219.1
Project("{9A19103F-16F7-4668-BE54-9A1E7A4F7556}") = "RMD", "RMD\RMD.csproj", "{731A2DE3-BC43-4F90-9290-62FF13753AC1}"
	ProjectSection(ProjectDependencies) = postProject
		{D2627B26-2981-4115-B1F9-8E3B7DFB92B1} = {D2627B26-2981-4115-B1F9-8E3B7DFB92B1}
	EndProjectSection
EndProject
Project("{2150E333-8FDC-42A3-9474-1A3956D46DE8}") = "Solution Items", "Solution Items", "{459D7007-69F8-4DAF-A7C3-25671DED6129}"
	ProjectSection(SolutionItems) = preProject
		.editorconfig = .editorconfig
	EndProjectSection
EndProject
Project("{FAE04EC0-301F-11D3-BF4B-00C04F79EFBC}") = "RMD.Movil.Core", "RMD.Movil.Core\RMD.Movil.Core.csproj", "{D2627B26-2981-4115-B1F9-8E3B7DFB92B1}"
EndProject
Project("{FAE04EC0-301F-11D3-BF4B-00C04F79EFBC}") = "RMD.Shared.Models", "RMD.Models.Shared\RMD.Shared.Models.csproj", "{7E6C404C-F1F4-434A-B543-2EAB5E51FE6B}"
EndProject
Project("{FAE04EC0-301F-11D3-BF4B-00C04F79EFBC}") = "RMD.Shared.Utils", "RMD.Utils.Shared\RMD.Shared.Utils.csproj", "{C1C11CB0-3967-4EF9-916D-26ED70EB1489}"
EndProject
Project("{FAE04EC0-301F-11D3-BF4B-00C04F79EFBC}") = "RMD.Movil", "RMD.Movil\RMD.Movil.csproj", "{D0C7ED10-2695-4922-88C0-9A18D4179F77}"
EndProject
Project("{FAE04EC0-301F-11D3-BF4B-00C04F79EFBC}") = "RMD.OneSignal", "RMD.OneSignal\RMD.OneSignal.csproj", "{0C311691-4A9A-4497-8D72-DCA711DBC898}"
EndProject
Global
	GlobalSection(SolutionConfigurationPlatforms) = preSolution
		Debug|Any CPU = Debug|Any CPU
		Debug|ARM64 = Debug|ARM64
		Debug|x64 = Debug|x64
		Release|Any CPU = Release|Any CPU
		Release|ARM64 = Release|ARM64
		Release|x64 = Release|x64
	EndGlobalSection
	GlobalSection(ProjectConfigurationPlatforms) = postSolution
		{731A2DE3-BC43-4F90-9290-62FF13753AC1}.Debug|Any CPU.ActiveCfg = Debug|Any CPU
		{731A2DE3-BC43-4F90-9290-62FF13753AC1}.Debug|Any CPU.Build.0 = Debug|Any CPU
		{731A2DE3-BC43-4F90-9290-62FF13753AC1}.Debug|ARM64.ActiveCfg = Debug|Any CPU
		{731A2DE3-BC43-4F90-9290-62FF13753AC1}.Debug|ARM64.Build.0 = Debug|Any CPU
		{731A2DE3-BC43-4F90-9290-62FF13753AC1}.Debug|x64.ActiveCfg = Debug|x64
		{731A2DE3-BC43-4F90-9290-62FF13753AC1}.Debug|x64.Build.0 = Debug|x64
		{731A2DE3-BC43-4F90-9290-62FF13753AC1}.Release|Any CPU.ActiveCfg = Release|Any CPU
		{731A2DE3-BC43-4F90-9290-62FF13753AC1}.Release|Any CPU.Build.0 = Release|Any CPU
		{731A2DE3-BC43-4F90-9290-62FF13753AC1}.Release|ARM64.ActiveCfg = Release|Any CPU
		{731A2DE3-BC43-4F90-9290-62FF13753AC1}.Release|ARM64.Build.0 = Release|Any CPU
		{731A2DE3-BC43-4F90-9290-62FF13753AC1}.Release|x64.ActiveCfg = Release|x64
		{731A2DE3-BC43-4F90-9290-62FF13753AC1}.Release|x64.Build.0 = Release|x64
		{D2627B26-2981-4115-B1F9-8E3B7DFB92B1}.Debug|Any CPU.ActiveCfg = Debug|Any CPU
		{D2627B26-2981-4115-B1F9-8E3B7DFB92B1}.Debug|Any CPU.Build.0 = Debug|Any CPU
		{D2627B26-2981-4115-B1F9-8E3B7DFB92B1}.Debug|ARM64.ActiveCfg = Debug|Any CPU
		{D2627B26-2981-4115-B1F9-8E3B7DFB92B1}.Debug|ARM64.Build.0 = Debug|Any CPU
		{D2627B26-2981-4115-B1F9-8E3B7DFB92B1}.Debug|x64.ActiveCfg = Debug|x64
		{D2627B26-2981-4115-B1F9-8E3B7DFB92B1}.Debug|x64.Build.0 = Debug|x64
		{D2627B26-2981-4115-B1F9-8E3B7DFB92B1}.Release|Any CPU.ActiveCfg = Release|Any CPU
		{D2627B26-2981-4115-B1F9-8E3B7DFB92B1}.Release|Any CPU.Build.0 = Release|Any CPU
		{D2627B26-2981-4115-B1F9-8E3B7DFB92B1}.Release|ARM64.ActiveCfg = Release|Any CPU
		{D2627B26-2981-4115-B1F9-8E3B7DFB92B1}.Release|ARM64.Build.0 = Release|Any CPU
		{D2627B26-2981-4115-B1F9-8E3B7DFB92B1}.Release|x64.ActiveCfg = Release|Any CPU
		{D2627B26-2981-4115-B1F9-8E3B7DFB92B1}.Release|x64.Build.0 = Release|Any CPU
		{7E6C404C-F1F4-434A-B543-2EAB5E51FE6B}.Debug|Any CPU.ActiveCfg = Debug|Any CPU
		{7E6C404C-F1F4-434A-B543-2EAB5E51FE6B}.Debug|Any CPU.Build.0 = Debug|Any CPU
		{7E6C404C-F1F4-434A-B543-2EAB5E51FE6B}.Debug|ARM64.ActiveCfg = Debug|Any CPU
		{7E6C404C-F1F4-434A-B543-2EAB5E51FE6B}.Debug|ARM64.Build.0 = Debug|Any CPU
		{7E6C404C-F1F4-434A-B543-2EAB5E51FE6B}.Debug|x64.ActiveCfg = Debug|x64
		{7E6C404C-F1F4-434A-B543-2EAB5E51FE6B}.Debug|x64.Build.0 = Debug|x64
		{7E6C404C-F1F4-434A-B543-2EAB5E51FE6B}.Release|Any CPU.ActiveCfg = Release|Any CPU
		{7E6C404C-F1F4-434A-B543-2EAB5E51FE6B}.Release|Any CPU.Build.0 = Release|Any CPU
		{7E6C404C-F1F4-434A-B543-2EAB5E51FE6B}.Release|ARM64.ActiveCfg = Release|Any CPU
		{7E6C404C-F1F4-434A-B543-2EAB5E51FE6B}.Release|ARM64.Build.0 = Release|Any CPU
		{7E6C404C-F1F4-434A-B543-2EAB5E51FE6B}.Release|x64.ActiveCfg = Release|Any CPU
		{7E6C404C-F1F4-434A-B543-2EAB5E51FE6B}.Release|x64.Build.0 = Release|Any CPU
		{C1C11CB0-3967-4EF9-916D-26ED70EB1489}.Debug|Any CPU.ActiveCfg = Debug|Any CPU
		{C1C11CB0-3967-4EF9-916D-26ED70EB1489}.Debug|Any CPU.Build.0 = Debug|Any CPU
		{C1C11CB0-3967-4EF9-916D-26ED70EB1489}.Debug|ARM64.ActiveCfg = Debug|Any CPU
		{C1C11CB0-3967-4EF9-916D-26ED70EB1489}.Debug|ARM64.Build.0 = Debug|Any CPU
		{C1C11CB0-3967-4EF9-916D-26ED70EB1489}.Debug|x64.ActiveCfg = Debug|x64
		{C1C11CB0-3967-4EF9-916D-26ED70EB1489}.Debug|x64.Build.0 = Debug|x64
		{C1C11CB0-3967-4EF9-916D-26ED70EB1489}.Release|Any CPU.ActiveCfg = Release|Any CPU
		{C1C11CB0-3967-4EF9-916D-26ED70EB1489}.Release|Any CPU.Build.0 = Release|Any CPU
		{C1C11CB0-3967-4EF9-916D-26ED70EB1489}.Release|ARM64.ActiveCfg = Release|Any CPU
		{C1C11CB0-3967-4EF9-916D-26ED70EB1489}.Release|ARM64.Build.0 = Release|Any CPU
		{C1C11CB0-3967-4EF9-916D-26ED70EB1489}.Release|x64.ActiveCfg = Release|Any CPU
		{C1C11CB0-3967-4EF9-916D-26ED70EB1489}.Release|x64.Build.0 = Release|Any CPU
		{D0C7ED10-2695-4922-88C0-9A18D4179F77}.Debug|Any CPU.ActiveCfg = Debug|Any CPU
		{D0C7ED10-2695-4922-88C0-9A18D4179F77}.Debug|Any CPU.Build.0 = Debug|Any CPU
		{D0C7ED10-2695-4922-88C0-9A18D4179F77}.Debug|Any CPU.Deploy.0 = Debug|Any CPU
		{D0C7ED10-2695-4922-88C0-9A18D4179F77}.Debug|ARM64.ActiveCfg = Debug|ARM64
		{D0C7ED10-2695-4922-88C0-9A18D4179F77}.Debug|ARM64.Build.0 = Debug|ARM64
		{D0C7ED10-2695-4922-88C0-9A18D4179F77}.Debug|x64.ActiveCfg = Debug|x64
		{D0C7ED10-2695-4922-88C0-9A18D4179F77}.Debug|x64.Build.0 = Debug|x64
		{D0C7ED10-2695-4922-88C0-9A18D4179F77}.Debug|x64.Deploy.0 = Debug|x64
		{D0C7ED10-2695-4922-88C0-9A18D4179F77}.Release|Any CPU.ActiveCfg = Release|Any CPU
		{D0C7ED10-2695-4922-88C0-9A18D4179F77}.Release|Any CPU.Build.0 = Release|Any CPU
		{D0C7ED10-2695-4922-88C0-9A18D4179F77}.Release|ARM64.ActiveCfg = Release|ARM64
		{D0C7ED10-2695-4922-88C0-9A18D4179F77}.Release|ARM64.Build.0 = Release|ARM64
		{D0C7ED10-2695-4922-88C0-9A18D4179F77}.Release|ARM64.Deploy.0 = Release|ARM64
		{D0C7ED10-2695-4922-88C0-9A18D4179F77}.Release|x64.ActiveCfg = Release|Any CPU
		{D0C7ED10-2695-4922-88C0-9A18D4179F77}.Release|x64.Build.0 = Release|Any CPU
		{D0C7ED10-2695-4922-88C0-9A18D4179F77}.Release|x64.Deploy.0 = Release|Any CPU
		{0C311691-4A9A-4497-8D72-DCA711DBC898}.Debug|Any CPU.ActiveCfg = Debug|Any CPU
		{0C311691-4A9A-4497-8D72-DCA711DBC898}.Debug|Any CPU.Build.0 = Debug|Any CPU
		{0C311691-4A9A-4497-8D72-DCA711DBC898}.Debug|ARM64.ActiveCfg = Debug|Any CPU
		{0C311691-4A9A-4497-8D72-DCA711DBC898}.Debug|ARM64.Build.0 = Debug|Any CPU
		{0C311691-4A9A-4497-8D72-DCA711DBC898}.Debug|x64.ActiveCfg = Debug|Any CPU
		{0C311691-4A9A-4497-8D72-DCA711DBC898}.Debug|x64.Build.0 = Debug|Any CPU
		{0C311691-4A9A-4497-8D72-DCA711DBC898}.Release|Any CPU.ActiveCfg = Release|Any CPU
		{0C311691-4A9A-4497-8D72-DCA711DBC898}.Release|Any CPU.Build.0 = Release|Any CPU
		{0C311691-4A9A-4497-8D72-DCA711DBC898}.Release|ARM64.ActiveCfg = Release|Any CPU
		{0C311691-4A9A-4497-8D72-DCA711DBC898}.Release|ARM64.Build.0 = Release|Any CPU
		{0C311691-4A9A-4497-8D72-DCA711DBC898}.Release|x64.ActiveCfg = Release|Any CPU
		{0C311691-4A9A-4497-8D72-DCA711DBC898}.Release|x64.Build.0 = Release|Any CPU
	EndGlobalSection
	GlobalSection(SolutionProperties) = preSolution
		HideSolutionNode = FALSE
	EndGlobalSection
	GlobalSection(ExtensibilityGlobals) = postSolution
		SolutionGuid = {F92A083E-966E-4A6B-9B87-D7A4548C3492}
	EndGlobalSection
EndGlobal
